
Microsoft Visual Studio Solution File, Format Version 12.00
# Visual Studio Version 17
VisualStudioVersion = 17.2.32616.157
MinimumVisualStudioVersion = 10.0.40219.1
Project("{FAE04EC0-301F-11D3-BF4B-00C04F79EFBC}") = "CloudWeather.DataLoader", "CloudWeather.DataLoader\CloudWeather.DataLoader.csproj", "{22CE0810-C5B1-43CA-BF09-FFE4A08D4C16}"
EndProject
Project("{FAE04EC0-301F-11D3-BF4B-00C04F79EFBC}") = "CloudWeather.Report", "CloudWeather.Report\CloudWeather.Report.csproj", "{1CFE54D7-4DB2-474A-A7BD-C0C6E57F45AA}"
EndProject
Project("{FAE04EC0-301F-11D3-BF4B-00C04F79EFBC}") = "CloudWeather.Precipitation", "CloudWeather.Precipitation\CloudWeather.Precipitation.csproj", "{758DEF31-AE61-4D7E-B999-510288CF5B9C}"
EndProject
Project("{FAE04EC0-301F-11D3-BF4B-00C04F79EFBC}") = "CloudWeather.Temperature", "CloudWeather.Temperature\CloudWeather.Temperature.csproj", "{01FDA837-4141-4C86-9B9D-4D1493E0A9B6}"
EndProject
Global
	GlobalSection(SolutionConfigurationPlatforms) = preSolution
		Debug|Any CPU = Debug|Any CPU
		Release|Any CPU = Release|Any CPU
	EndGlobalSection
	GlobalSection(ProjectConfigurationPlatforms) = postSolution
		{22CE0810-C5B1-43CA-BF09-FFE4A08D4C16}.Debug|Any CPU.ActiveCfg = Debug|Any CPU
		{22CE0810-C5B1-43CA-BF09-FFE4A08D4C16}.Debug|Any CPU.Build.0 = Debug|Any CPU
		{22CE0810-C5B1-43CA-BF09-FFE4A08D4C16}.Release|Any CPU.ActiveCfg = Release|Any CPU
		{22CE0810-C5B1-43CA-BF09-FFE4A08D4C16}.Release|Any CPU.Build.0 = Release|Any CPU
		{1CFE54D7-4DB2-474A-A7BD-C0C6E57F45AA}.Debug|Any CPU.ActiveCfg = Debug|Any CPU
		{1CFE54D7-4DB2-474A-A7BD-C0C6E57F45AA}.Debug|Any CPU.Build.0 = Debug|Any CPU
		{1CFE54D7-4DB2-474A-A7BD-C0C6E57F45AA}.Release|Any CPU.ActiveCfg = Release|Any CPU
		{1CFE54D7-4DB2-474A-A7BD-C0C6E57F45AA}.Release|Any CPU.Build.0 = Release|Any CPU
		{758DEF31-AE61-4D7E-B999-510288CF5B9C}.Debug|Any CPU.ActiveCfg = Debug|Any CPU
		{758DEF31-AE61-4D7E-B999-510288CF5B9C}.Debug|Any CPU.Build.0 = Debug|Any CPU
		{758DEF31-AE61-4D7E-B999-510288CF5B9C}.Release|Any CPU.ActiveCfg = Release|Any CPU
		{758DEF31-AE61-4D7E-B999-510288CF5B9C}.Release|Any CPU.Build.0 = Release|Any CPU
		{01FDA837-4141-4C86-9B9D-4D1493E0A9B6}.Debug|Any CPU.ActiveCfg = Debug|Any CPU
		{01FDA837-4141-4C86-9B9D-4D1493E0A9B6}.Debug|Any CPU.Build.0 = Debug|Any CPU
		{01FDA837-4141-4C86-9B9D-4D1493E0A9B6}.Release|Any CPU.ActiveCfg = Release|Any CPU
		{01FDA837-4141-4C86-9B9D-4D1493E0A9B6}.Release|Any CPU.Build.0 = Release|Any CPU
	EndGlobalSection
	GlobalSection(SolutionProperties) = preSolution
		HideSolutionNode = FALSE
	EndGlobalSection
	GlobalSection(ExtensibilityGlobals) = postSolution
		SolutionGuid = {414F86D7-A4AD-4D1A-B74A-E786E7CB35AB}
	EndGlobalSection
EndGlobal
